
Microsoft Visual Studio Solution File, Format Version 12.00
Project("{FAE04EC0-301F-11D3-BF4B-00C04F79EFBC}") = "Patterns", "Patterns\Patterns.csproj", "{64EB2933-F00C-4E7A-B7DE-0E325EC9D5C1}"
EndProject
Project("{FAE04EC0-301F-11D3-BF4B-00C04F79EFBC}") = "Patterns.Tests", "Patterns.Tests\Patterns.Tests.csproj", "{D2193FA0-FDBC-46B6-BEB0-BD03FEEAA79E}"
EndProject
Global
	GlobalSection(SolutionConfigurationPlatforms) = preSolution
		Debug|Any CPU = Debug|Any CPU
		Release|Any CPU = Release|Any CPU
	EndGlobalSection
	GlobalSection(ProjectConfigurationPlatforms) = postSolution
		{64EB2933-F00C-4E7A-B7DE-0E325EC9D5C1}.Debug|Any CPU.ActiveCfg = Debug|Any CPU
		{64EB2933-F00C-4E7A-B7DE-0E325EC9D5C1}.Debug|Any CPU.Build.0 = Debug|Any CPU
		{64EB2933-F00C-4E7A-B7DE-0E325EC9D5C1}.Release|Any CPU.ActiveCfg = Release|Any CPU
		{64EB2933-F00C-4E7A-B7DE-0E325EC9D5C1}.Release|Any CPU.Build.0 = Release|Any CPU
		{D2193FA0-FDBC-46B6-BEB0-BD03FEEAA79E}.Debug|Any CPU.ActiveCfg = Debug|Any CPU
		{D2193FA0-FDBC-46B6-BEB0-BD03FEEAA79E}.Debug|Any CPU.Build.0 = Debug|Any CPU
		{D2193FA0-FDBC-46B6-BEB0-BD03FEEAA79E}.Release|Any CPU.ActiveCfg = Release|Any CPU
		{D2193FA0-FDBC-46B6-BEB0-BD03FEEAA79E}.Release|Any CPU.Build.0 = Release|Any CPU
	EndGlobalSection
EndGlobal
